
Microsoft Visual Studio Solution File, Format Version 12.00
# Visual Studio 15
VisualStudioVersion = 15.0.28307.852
MinimumVisualStudioVersion = 10.0.40219.1
Project("{9A19103F-16F7-4668-BE54-9A1E7A4F7556}") = "MergeProject", "MergeProject\MergeProject.csproj", "{AF580D7A-41DF-4D12-A7B8-2B14C4BA810F}"
EndProject
Project("{9A19103F-16F7-4668-BE54-9A1E7A4F7556}") = "MergeLib", "MergeLib\MergeLib.csproj", "{810A00E1-5087-4C85-94FD-AAF37631266A}"
EndProject
Project("{9A19103F-16F7-4668-BE54-9A1E7A4F7556}") = "MergeLibTest", "MergeLibTest\MergeLibTest.csproj", "{6306FF19-7BDC-4B91-82E4-059AC47156EA}"
EndProject
Project("{9A19103F-16F7-4668-BE54-9A1E7A4F7556}") = "WebVueTest", "WebVueTest\WebVueTest.csproj", "{CC1860EF-BD16-489B-AB79-728BE58D6A71}"
EndProject
Project("{9A19103F-16F7-4668-BE54-9A1E7A4F7556}") = "RedisBrowser", "RabbitBrowser\RedisBrowser.csproj", "{26FE76DB-157D-4AB4-982E-375D34FA6E90}"
EndProject
Global
	GlobalSection(SolutionConfigurationPlatforms) = preSolution
		Debug|Any CPU = Debug|Any CPU
		Release|Any CPU = Release|Any CPU
	EndGlobalSection
	GlobalSection(ProjectConfigurationPlatforms) = postSolution
		{AF580D7A-41DF-4D12-A7B8-2B14C4BA810F}.Debug|Any CPU.ActiveCfg = Debug|Any CPU
		{AF580D7A-41DF-4D12-A7B8-2B14C4BA810F}.Debug|Any CPU.Build.0 = Debug|Any CPU
		{AF580D7A-41DF-4D12-A7B8-2B14C4BA810F}.Release|Any CPU.ActiveCfg = Release|Any CPU
		{AF580D7A-41DF-4D12-A7B8-2B14C4BA810F}.Release|Any CPU.Build.0 = Release|Any CPU
		{810A00E1-5087-4C85-94FD-AAF37631266A}.Debug|Any CPU.ActiveCfg = Debug|Any CPU
		{810A00E1-5087-4C85-94FD-AAF37631266A}.Debug|Any CPU.Build.0 = Debug|Any CPU
		{810A00E1-5087-4C85-94FD-AAF37631266A}.Release|Any CPU.ActiveCfg = Release|Any CPU
		{810A00E1-5087-4C85-94FD-AAF37631266A}.Release|Any CPU.Build.0 = Release|Any CPU
		{6306FF19-7BDC-4B91-82E4-059AC47156EA}.Debug|Any CPU.ActiveCfg = Debug|Any CPU
		{6306FF19-7BDC-4B91-82E4-059AC47156EA}.Debug|Any CPU.Build.0 = Debug|Any CPU
		{6306FF19-7BDC-4B91-82E4-059AC47156EA}.Release|Any CPU.ActiveCfg = Release|Any CPU
		{6306FF19-7BDC-4B91-82E4-059AC47156EA}.Release|Any CPU.Build.0 = Release|Any CPU
		{CC1860EF-BD16-489B-AB79-728BE58D6A71}.Debug|Any CPU.ActiveCfg = Debug|Any CPU
		{CC1860EF-BD16-489B-AB79-728BE58D6A71}.Debug|Any CPU.Build.0 = Debug|Any CPU
		{CC1860EF-BD16-489B-AB79-728BE58D6A71}.Release|Any CPU.ActiveCfg = Release|Any CPU
		{CC1860EF-BD16-489B-AB79-728BE58D6A71}.Release|Any CPU.Build.0 = Release|Any CPU
		{26FE76DB-157D-4AB4-982E-375D34FA6E90}.Debug|Any CPU.ActiveCfg = Debug|Any CPU
		{26FE76DB-157D-4AB4-982E-375D34FA6E90}.Debug|Any CPU.Build.0 = Debug|Any CPU
		{26FE76DB-157D-4AB4-982E-375D34FA6E90}.Release|Any CPU.ActiveCfg = Release|Any CPU
		{26FE76DB-157D-4AB4-982E-375D34FA6E90}.Release|Any CPU.Build.0 = Release|Any CPU
	EndGlobalSection
	GlobalSection(SolutionProperties) = preSolution
		HideSolutionNode = FALSE
	EndGlobalSection
	GlobalSection(ExtensibilityGlobals) = postSolution
		SolutionGuid = {AB18B1AC-C2BD-411F-BB9D-AD03B549B28E}
	EndGlobalSection
EndGlobal
